
Microsoft Visual Studio Solution File, Format Version 12.00
# Visual Studio Version 17
VisualStudioVersion = 17.4.33122.133
MinimumVisualStudioVersion = 10.0.40219.1
Project("{FAE04EC0-301F-11D3-BF4B-00C04F79EFBC}") = "SignalRApi", "SignalRApi\SignalRApi.csproj", "{76C5FE4D-D8B5-49C1-9390-934413284DDA}"
EndProject
Project("{FAE04EC0-301F-11D3-BF4B-00C04F79EFBC}") = "SignalRWebUI", "SignalRWebUI\SignalRWebUI.csproj", "{92D5CBAC-3C18-41A5-809C-144868B12488}"
EndProject
Project("{FAE04EC0-301F-11D3-BF4B-00C04F79EFBC}") = "SignalR.EntityLayer", "SignalR.EntityLayer\SignalR.EntityLayer.csproj", "{5BFA12B7-993C-44ED-BB1C-33BC774AB83B}"
EndProject
Project("{FAE04EC0-301F-11D3-BF4B-00C04F79EFBC}") = "SignalR.DataAccessLayer", "SignalR.DataAccessLayer\SignalR.DataAccessLayer.csproj", "{5198C0DC-6464-4FA8-8112-0C81428A2FBF}"
EndProject
Project("{FAE04EC0-301F-11D3-BF4B-00C04F79EFBC}") = "SignalR.DtoLayer", "SignalR.DtoLayer\SignalR.DtoLayer.csproj", "{9D3BC1AF-106F-48B0-AE3B-0F8D61D34C4A}"
EndProject
Project("{FAE04EC0-301F-11D3-BF4B-00C04F79EFBC}") = "SignalR.BusinessLayer", "SignalR.BusinessLayer\SignalR.BusinessLayer.csproj", "{4D1BC164-44BE-4D1C-9B58-3566E0F0DDF5}"
EndProject
Global
	GlobalSection(SolutionConfigurationPlatforms) = preSolution
		Debug|Any CPU = Debug|Any CPU
		Release|Any CPU = Release|Any CPU
	EndGlobalSection
	GlobalSection(ProjectConfigurationPlatforms) = postSolution
		{76C5FE4D-D8B5-49C1-9390-934413284DDA}.Debug|Any CPU.ActiveCfg = Debug|Any CPU
		{76C5FE4D-D8B5-49C1-9390-934413284DDA}.Debug|Any CPU.Build.0 = Debug|Any CPU
		{76C5FE4D-D8B5-49C1-9390-934413284DDA}.Release|Any CPU.ActiveCfg = Release|Any CPU
		{76C5FE4D-D8B5-49C1-9390-934413284DDA}.Release|Any CPU.Build.0 = Release|Any CPU
		{92D5CBAC-3C18-41A5-809C-144868B12488}.Debug|Any CPU.ActiveCfg = Debug|Any CPU
		{92D5CBAC-3C18-41A5-809C-144868B12488}.Debug|Any CPU.Build.0 = Debug|Any CPU
		{92D5CBAC-3C18-41A5-809C-144868B12488}.Release|Any CPU.ActiveCfg = Release|Any CPU
		{92D5CBAC-3C18-41A5-809C-144868B12488}.Release|Any CPU.Build.0 = Release|Any CPU
		{5BFA12B7-993C-44ED-BB1C-33BC774AB83B}.Debug|Any CPU.ActiveCfg = Debug|Any CPU
		{5BFA12B7-993C-44ED-BB1C-33BC774AB83B}.Debug|Any CPU.Build.0 = Debug|Any CPU
		{5BFA12B7-993C-44ED-BB1C-33BC774AB83B}.Release|Any CPU.ActiveCfg = Release|Any CPU
		{5BFA12B7-993C-44ED-BB1C-33BC774AB83B}.Release|Any CPU.Build.0 = Release|Any CPU
		{5198C0DC-6464-4FA8-8112-0C81428A2FBF}.Debug|Any CPU.ActiveCfg = Debug|Any CPU
		{5198C0DC-6464-4FA8-8112-0C81428A2FBF}.Debug|Any CPU.Build.0 = Debug|Any CPU
		{5198C0DC-6464-4FA8-8112-0C81428A2FBF}.Release|Any CPU.ActiveCfg = Release|Any CPU
		{5198C0DC-6464-4FA8-8112-0C81428A2FBF}.Release|Any CPU.Build.0 = Release|Any CPU
		{9D3BC1AF-106F-48B0-AE3B-0F8D61D34C4A}.Debug|Any CPU.ActiveCfg = Debug|Any CPU
		{9D3BC1AF-106F-48B0-AE3B-0F8D61D34C4A}.Debug|Any CPU.Build.0 = Debug|Any CPU
		{9D3BC1AF-106F-48B0-AE3B-0F8D61D34C4A}.Release|Any CPU.ActiveCfg = Release|Any CPU
		{9D3BC1AF-106F-48B0-AE3B-0F8D61D34C4A}.Release|Any CPU.Build.0 = Release|Any CPU
		{4D1BC164-44BE-4D1C-9B58-3566E0F0DDF5}.Debug|Any CPU.ActiveCfg = Debug|Any CPU
		{4D1BC164-44BE-4D1C-9B58-3566E0F0DDF5}.Debug|Any CPU.Build.0 = Debug|Any CPU
		{4D1BC164-44BE-4D1C-9B58-3566E0F0DDF5}.Release|Any CPU.ActiveCfg = Release|Any CPU
		{4D1BC164-44BE-4D1C-9B58-3566E0F0DDF5}.Release|Any CPU.Build.0 = Release|Any CPU
	EndGlobalSection
	GlobalSection(SolutionProperties) = preSolution
		HideSolutionNode = FALSE
	EndGlobalSection
	GlobalSection(ExtensibilityGlobals) = postSolution
		SolutionGuid = {0A3263DE-BDC9-4C5E-A6D8-36CB66A82F2E}
	EndGlobalSection
EndGlobal
